{
  "name": "penyo-db",
  "version": "1.0.0",
  "lockfileVersion": 2,
  "requires": true,
  "packages": {
    "": {
      "name": "penyo-db",
      "version": "1.0.0",
      "license": "GPL-3.0-or-later",
      "dependencies": {
        "@types/node": "^20.3.3",
        "typed-json": "^0.7.1",
        "typescript": "^5.1.6",
        "uglify-js": "^3.17.4"
      }
    },
    "node_modules/@types/node": {
      "version": "20.4.0",
      "resolved": "https://registry.npmmirror.com/@types/node/-/node-20.4.0.tgz",
      "integrity": "sha512-jfT7iTf/4kOQ9S7CHV9BIyRaQqHu67mOjsIQBC3BKZvzvUB6zLxEwJ6sBE3ozcvP8kF6Uk5PXN0Q+c0dfhGX0g=="
    },
    "node_modules/typed-json": {
      "version": "0.7.1",
      "resolved": "https://registry.npmmirror.com/typed-json/-/typed-json-0.7.1.tgz",
      "integrity": "sha512-3N9/7qzRCaL5mJnPrLzheT89T5sSzf9cXTT4qPdUmw/XzkkzlGwbcNfUol9lHwguJoL+lMiEf+F4vB5bATPJ5w=="
    },
    "node_modules/typescript": {
      "version": "5.1.6",
      "resolved": "https://registry.npmmirror.com/typescript/-/typescript-5.1.6.tgz",
      "integrity": "sha512-zaWCozRZ6DLEWAWFrVDz1H6FVXzUSfTy5FUMWsQlU8Ym5JP9eO4xkTIROFCQvhQf61z6O/G6ugw3SgAnvvm+HA==",
      "bin": {
        "tsc": "bin/tsc",
        "tsserver": "bin/tsserver"
      },
      "engines": {
        "node": ">=14.17"
      }
    },
    "node_modules/uglify-js": {
      "version": "3.17.4",
      "resolved": "https://registry.npmmirror.com/uglify-js/-/uglify-js-3.17.4.tgz",
      "integrity": "sha512-T9q82TJI9e/C1TAxYvfb16xO120tMVFZrGA3f9/P4424DNu6ypK103y0GPFVa17yotwSyZW5iYXgjYHkGrJW/g==",
      "bin": {
        "uglifyjs": "bin/uglifyjs"
      },
      "engines": {
        "node": ">=0.8.0"
      }
    }
  },
  "dependencies": {
    "@types/node": {
      "version": "20.4.0",
      "resolved": "https://registry.npmmirror.com/@types/node/-/node-20.4.0.tgz",
      "integrity": "sha512-jfT7iTf/4kOQ9S7CHV9BIyRaQqHu67mOjsIQBC3BKZvzvUB6zLxEwJ6sBE3ozcvP8kF6Uk5PXN0Q+c0dfhGX0g=="
    },
    "typed-json": {
      "version": "0.7.1",
      "resolved": "https://registry.npmmirror.com/typed-json/-/typed-json-0.7.1.tgz",
      "integrity": "sha512-3N9/7qzRCaL5mJnPrLzheT89T5sSzf9cXTT4qPdUmw/XzkkzlGwbcNfUol9lHwguJoL+lMiEf+F4vB5bATPJ5w=="
    },
    "typescript": {
      "version": "5.1.6",
      "resolved": "https://registry.npmmirror.com/typescript/-/typescript-5.1.6.tgz",
      "integrity": "sha512-zaWCozRZ6DLEWAWFrVDz1H6FVXzUSfTy5FUMWsQlU8Ym5JP9eO4xkTIROFCQvhQf61z6O/G6ugw3SgAnvvm+HA=="
    },
    "uglify-js": {
      "version": "3.17.4",
      "resolved": "https://registry.npmmirror.com/uglify-js/-/uglify-js-3.17.4.tgz",
      "integrity": "sha512-T9q82TJI9e/C1TAxYvfb16xO120tMVFZrGA3f9/P4424DNu6ypK103y0GPFVa17yotwSyZW5iYXgjYHkGrJW/g=="
    }
  }
}
